
Microsoft Visual Studio Solution File, Format Version 12.00
# Visual Studio 15
VisualStudioVersion = 15.0.27703.2000
MinimumVisualStudioVersion = 10.0.40219.1
Project("{FAE04EC0-301F-11D3-BF4B-00C04F79EFBC}") = "materialreview", "materialreview\materialreview.csproj", "{DAAA1478-F87C-49C1-8803-9C00B7CE64EB}"
EndProject
Global
	GlobalSection(SolutionConfigurationPlatforms) = preSolution
		Debug|Any CPU = Debug|Any CPU
		Release|Any CPU = Release|Any CPU
	EndGlobalSection
	GlobalSection(ProjectConfigurationPlatforms) = postSolution
		{DAAA1478-F87C-49C1-8803-9C00B7CE64EB}.Debug|Any CPU.ActiveCfg = Debug|Any CPU
		{DAAA1478-F87C-49C1-8803-9C00B7CE64EB}.Debug|Any CPU.Build.0 = Debug|Any CPU
		{DAAA1478-F87C-49C1-8803-9C00B7CE64EB}.Release|Any CPU.ActiveCfg = Release|Any CPU
		{DAAA1478-F87C-49C1-8803-9C00B7CE64EB}.Release|Any CPU.Build.0 = Release|Any CPU
	EndGlobalSection
	GlobalSection(SolutionProperties) = preSolution
		HideSolutionNode = FALSE
	EndGlobalSection
	GlobalSection(ExtensibilityGlobals) = postSolution
		SolutionGuid = {934DE73F-A6BE-4EC9-8837-3C68025341A9}
	EndGlobalSection
EndGlobal
