
Microsoft Visual Studio Solution File, Format Version 12.00
# Visual Studio 15
VisualStudioVersion = 15.0.27703.2000
MinimumVisualStudioVersion = 10.0.40219.1
Project("{FAE04EC0-301F-11D3-BF4B-00C04F79EFBC}") = "HelloUser", "HelloUser\HelloUser.csproj", "{F86FCB6B-7498-4B67-8A61-377EAE531DBE}"
EndProject
Global
	GlobalSection(SolutionConfigurationPlatforms) = preSolution
		Debug|Any CPU = Debug|Any CPU
		Release|Any CPU = Release|Any CPU
	EndGlobalSection
	GlobalSection(ProjectConfigurationPlatforms) = postSolution
		{F86FCB6B-7498-4B67-8A61-377EAE531DBE}.Debug|Any CPU.ActiveCfg = Debug|Any CPU
		{F86FCB6B-7498-4B67-8A61-377EAE531DBE}.Debug|Any CPU.Build.0 = Debug|Any CPU
		{F86FCB6B-7498-4B67-8A61-377EAE531DBE}.Release|Any CPU.ActiveCfg = Release|Any CPU
		{F86FCB6B-7498-4B67-8A61-377EAE531DBE}.Release|Any CPU.Build.0 = Release|Any CPU
	EndGlobalSection
	GlobalSection(SolutionProperties) = preSolution
		HideSolutionNode = FALSE
	EndGlobalSection
	GlobalSection(ExtensibilityGlobals) = postSolution
		SolutionGuid = {7458709A-31FC-4809-8EFD-4D99846C3C25}
	EndGlobalSection
EndGlobal
