
Microsoft Visual Studio Solution File, Format Version 12.00
# Visual Studio 15
VisualStudioVersion = 15.0.27703.2000
MinimumVisualStudioVersion = 10.0.40219.1
Project("{FAE04EC0-301F-11D3-BF4B-00C04F79EFBC}") = "secondsInADay", "secondsInADay\secondsInADay.csproj", "{E030C6B3-2F3F-478F-B632-7EB4EA72FCC7}"
EndProject
Global
	GlobalSection(SolutionConfigurationPlatforms) = preSolution
		Debug|Any CPU = Debug|Any CPU
		Release|Any CPU = Release|Any CPU
	EndGlobalSection
	GlobalSection(ProjectConfigurationPlatforms) = postSolution
		{E030C6B3-2F3F-478F-B632-7EB4EA72FCC7}.Debug|Any CPU.ActiveCfg = Debug|Any CPU
		{E030C6B3-2F3F-478F-B632-7EB4EA72FCC7}.Debug|Any CPU.Build.0 = Debug|Any CPU
		{E030C6B3-2F3F-478F-B632-7EB4EA72FCC7}.Release|Any CPU.ActiveCfg = Release|Any CPU
		{E030C6B3-2F3F-478F-B632-7EB4EA72FCC7}.Release|Any CPU.Build.0 = Release|Any CPU
	EndGlobalSection
	GlobalSection(SolutionProperties) = preSolution
		HideSolutionNode = FALSE
	EndGlobalSection
	GlobalSection(ExtensibilityGlobals) = postSolution
		SolutionGuid = {3B1C0880-030A-4A86-A3D8-8B1B6DAE208D}
	EndGlobalSection
EndGlobal
